
Microsoft Visual Studio Solution File, Format Version 11.00
# Visual C++ Express 2010
Project("{8BC9CEB8-8B4A-11D0-8D11-00A0C91BC942}") = "结构体", "结构体\结构体.vcxproj", "{53C721F7-E372-41C4-B7FC-09C07C6800DA}"
EndProject
Global
	GlobalSection(SolutionConfigurationPlatforms) = preSolution
		Debug|Win32 = Debug|Win32
		Release|Win32 = Release|Win32
	EndGlobalSection
	GlobalSection(ProjectConfigurationPlatforms) = postSolution
		{53C721F7-E372-41C4-B7FC-09C07C6800DA}.Debug|Win32.ActiveCfg = Debug|Win32
		{53C721F7-E372-41C4-B7FC-09C07C6800DA}.Debug|Win32.Build.0 = Debug|Win32
		{53C721F7-E372-41C4-B7FC-09C07C6800DA}.Release|Win32.ActiveCfg = Release|Win32
		{53C721F7-E372-41C4-B7FC-09C07C6800DA}.Release|Win32.Build.0 = Release|Win32
	EndGlobalSection
	GlobalSection(SolutionProperties) = preSolution
		HideSolutionNode = FALSE
	EndGlobalSection
EndGlobal
